
Microsoft Visual Studio Solution File, Format Version 12.00
# Visual Studio Version 16
VisualStudioVersion = 25.0.1704.4
MinimumVisualStudioVersion = 10.0.40219.1
Project("{FAE04EC0-301F-11D3-BF4B-00C04F79EFBC}") = "PipiApp", "PipiApp\PipiApp.csproj", "{6F8FA1FC-0939-4D34-82A3-EBC72FC8FCA1}"
EndProject
Global
	GlobalSection(SolutionConfigurationPlatforms) = preSolution
		Debug|Any CPU = Debug|Any CPU
		Release|Any CPU = Release|Any CPU
	EndGlobalSection
	GlobalSection(ProjectConfigurationPlatforms) = postSolution
		{6F8FA1FC-0939-4D34-82A3-EBC72FC8FCA1}.Debug|Any CPU.ActiveCfg = Debug|Any CPU
		{6F8FA1FC-0939-4D34-82A3-EBC72FC8FCA1}.Debug|Any CPU.Build.0 = Debug|Any CPU
		{6F8FA1FC-0939-4D34-82A3-EBC72FC8FCA1}.Release|Any CPU.ActiveCfg = Release|Any CPU
		{6F8FA1FC-0939-4D34-82A3-EBC72FC8FCA1}.Release|Any CPU.Build.0 = Release|Any CPU
	EndGlobalSection
	GlobalSection(SolutionProperties) = preSolution
		HideSolutionNode = FALSE
	EndGlobalSection
	GlobalSection(ExtensibilityGlobals) = postSolution
		SolutionGuid = {5298C1DF-D457-46BF-8767-4DB7A2DFB5BE}
	EndGlobalSection
EndGlobal
